
Microsoft Visual Studio Solution File, Format Version 12.00
# Visual Studio Version 16
VisualStudioVersion = 16.0.31129.286
MinimumVisualStudioVersion = 10.0.40219.1
Project("{FAE04EC0-301F-11D3-BF4B-00C04F79EFBC}") = "Logic", "Logic\Logic.csproj", "{A699FB3F-E676-4B11-B037-40A9443E0236}"
EndProject
Project("{FAE04EC0-301F-11D3-BF4B-00C04F79EFBC}") = "MathLogic", "MathLogic\MathLogic.csproj", "{2D8F0E7E-B413-4673-A1B4-9A24A62F67DB}"
EndProject
Project("{FAE04EC0-301F-11D3-BF4B-00C04F79EFBC}") = "LinConverter", "LinConverter\LinConverter.csproj", "{B1AD9648-F41A-47E0-AD22-144635D49AD9}"
EndProject
Project("{FAE04EC0-301F-11D3-BF4B-00C04F79EFBC}") = "RecConverter", "RecConverter\RecConverter.csproj", "{36035D83-4F22-4971-B104-9B69BD5FBB1B}"
EndProject
Project("{FAE04EC0-301F-11D3-BF4B-00C04F79EFBC}") = "Generator", "Generator\Generator.csproj", "{E3BF4D7C-D077-489C-AB43-E3325EABDCE4}"
EndProject
Global
	GlobalSection(SolutionConfigurationPlatforms) = preSolution
		Debug|Any CPU = Debug|Any CPU
		Release|Any CPU = Release|Any CPU
	EndGlobalSection
	GlobalSection(ProjectConfigurationPlatforms) = postSolution
		{A699FB3F-E676-4B11-B037-40A9443E0236}.Debug|Any CPU.ActiveCfg = Debug|Any CPU
		{A699FB3F-E676-4B11-B037-40A9443E0236}.Debug|Any CPU.Build.0 = Debug|Any CPU
		{A699FB3F-E676-4B11-B037-40A9443E0236}.Release|Any CPU.ActiveCfg = Release|Any CPU
		{A699FB3F-E676-4B11-B037-40A9443E0236}.Release|Any CPU.Build.0 = Release|Any CPU
		{2D8F0E7E-B413-4673-A1B4-9A24A62F67DB}.Debug|Any CPU.ActiveCfg = Debug|Any CPU
		{2D8F0E7E-B413-4673-A1B4-9A24A62F67DB}.Debug|Any CPU.Build.0 = Debug|Any CPU
		{2D8F0E7E-B413-4673-A1B4-9A24A62F67DB}.Release|Any CPU.ActiveCfg = Release|Any CPU
		{2D8F0E7E-B413-4673-A1B4-9A24A62F67DB}.Release|Any CPU.Build.0 = Release|Any CPU
		{B1AD9648-F41A-47E0-AD22-144635D49AD9}.Debug|Any CPU.ActiveCfg = Debug|Any CPU
		{B1AD9648-F41A-47E0-AD22-144635D49AD9}.Debug|Any CPU.Build.0 = Debug|Any CPU
		{B1AD9648-F41A-47E0-AD22-144635D49AD9}.Release|Any CPU.ActiveCfg = Release|Any CPU
		{B1AD9648-F41A-47E0-AD22-144635D49AD9}.Release|Any CPU.Build.0 = Release|Any CPU
		{36035D83-4F22-4971-B104-9B69BD5FBB1B}.Debug|Any CPU.ActiveCfg = Debug|Any CPU
		{36035D83-4F22-4971-B104-9B69BD5FBB1B}.Debug|Any CPU.Build.0 = Debug|Any CPU
		{36035D83-4F22-4971-B104-9B69BD5FBB1B}.Release|Any CPU.ActiveCfg = Release|Any CPU
		{36035D83-4F22-4971-B104-9B69BD5FBB1B}.Release|Any CPU.Build.0 = Release|Any CPU
		{E3BF4D7C-D077-489C-AB43-E3325EABDCE4}.Debug|Any CPU.ActiveCfg = Debug|Any CPU
		{E3BF4D7C-D077-489C-AB43-E3325EABDCE4}.Debug|Any CPU.Build.0 = Debug|Any CPU
		{E3BF4D7C-D077-489C-AB43-E3325EABDCE4}.Release|Any CPU.ActiveCfg = Release|Any CPU
		{E3BF4D7C-D077-489C-AB43-E3325EABDCE4}.Release|Any CPU.Build.0 = Release|Any CPU
	EndGlobalSection
	GlobalSection(SolutionProperties) = preSolution
		HideSolutionNode = FALSE
	EndGlobalSection
	GlobalSection(ExtensibilityGlobals) = postSolution
		SolutionGuid = {D1B23CAE-0F33-4127-931B-E4C348988B20}
	EndGlobalSection
EndGlobal
